// !$*UTF8*$!
{
	archiveVersion = 1;
	classes = {
	};
	objectVersion = 50;
	objects = {

/* Begin PBXBuildFile section */
		1832A9392315675A00F59946 /* MLPicker.swift in Sources */ = {isa = PBXBuildFile; fileRef = 1832A9382315675A00F59946 /* MLPicker.swift */; };
		1832A93B2315772D00F59946 /* MLTypeDefine.swift in Sources */ = {isa = PBXBuildFile; fileRef = 1832A93A2315772D00F59946 /* MLTypeDefine.swift */; };
		1832A93D23169FA400F59946 /* MLDatePicker.swift in Sources */ = {isa = PBXBuildFile; fileRef = 1832A93C23169FA400F59946 /* MLDatePicker.swift */; };
		4A0AFE472328E2A90017F934 /* Add.png in Resources */ = {isa = PBXBuildFile; fileRef = 4A0AFE442328E2A90017F934 /* Add.png */; };
		4A0AFE482328E2A90017F934 /* Add@2x.png in Resources */ = {isa = PBXBuildFile; fileRef = 4A0AFE452328E2A90017F934 /* Add@2x.png */; };
		4A0AFE492328E2A90017F934 /* Add@3x.png in Resources */ = {isa = PBXBuildFile; fileRef = 4A0AFE462328E2A90017F934 /* Add@3x.png */; };
		4A0AFE4C2328E3860017F934 /* UIButton+Ext.swift in Sources */ = {isa = PBXBuildFile; fileRef = 4A0AFE4B2328E3860017F934 /* UIButton+Ext.swift */; };
		4A16AAA52315157F00BEDC5C /* MLEvent+Biz.swift in Sources */ = {isa = PBXBuildFile; fileRef = 4A16AAA32315155200BEDC5C /* MLEvent+Biz.swift */; };
		4A1B50FB23161FEA001244E9 /* MainViewController.swift in Sources */ = {isa = PBXBuildFile; fileRef = 4A1B50F823161FE9001244E9 /* MainViewController.swift */; };
		4A1B50FC23161FEA001244E9 /* AppDelegate.swift in Sources */ = {isa = PBXBuildFile; fileRef = 4A1B50FA23161FEA001244E9 /* AppDelegate.swift */; };
		4A2090EE221CED31003E9386 /* MLEditorViewController.swift in Sources */ = {isa = PBXBuildFile; fileRef = 4A2090ED221CED31003E9386 /* MLEditorViewController.swift */; };
		4A2090F1221CF984003E9386 /* MLNotificationHelper.swift in Sources */ = {isa = PBXBuildFile; fileRef = 4A2090F0221CF984003E9386 /* MLNotificationHelper.swift */; };
		4A56CE3C23136F0200195C05 /* FoundationExtension.swift in Sources */ = {isa = PBXBuildFile; fileRef = 4A56CE3B23136F0200195C05 /* FoundationExtension.swift */; };
		4A6EAC0C2328869000EB250A /* FMDatabaseQueue.m in Sources */ = {isa = PBXBuildFile; fileRef = 4A6EAC022328869000EB250A /* FMDatabaseQueue.m */; };
		4A6EAC0D2328869000EB250A /* FMDatabaseAdditions.m in Sources */ = {isa = PBXBuildFile; fileRef = 4A6EAC052328869000EB250A /* FMDatabaseAdditions.m */; };
		4A6EAC0E2328869000EB250A /* FMDatabase.m in Sources */ = {isa = PBXBuildFile; fileRef = 4A6EAC062328869000EB250A /* FMDatabase.m */; };
		4A6EAC0F2328869000EB250A /* FMDatabasePool.m in Sources */ = {isa = PBXBuildFile; fileRef = 4A6EAC0A2328869000EB250A /* FMDatabasePool.m */; };
		4A6EAC102328869000EB250A /* FMResultSet.m in Sources */ = {isa = PBXBuildFile; fileRef = 4A6EAC0B2328869000EB250A /* FMResultSet.m */; };
		4A6EAC1C2328C2FC00EB250A /* KBLog.swift in Sources */ = {isa = PBXBuildFile; fileRef = 4A6EAC152328C2FC00EB250A /* KBLog.swift */; };
		4A6EAC1D2328C2FC00EB250A /* Dictionary+Ext.swift in Sources */ = {isa = PBXBuildFile; fileRef = 4A6EAC172328C2FC00EB250A /* Dictionary+Ext.swift */; };
		4A6EAC1E2328C2FC00EB250A /* KBCancelClosure.swift in Sources */ = {isa = PBXBuildFile; fileRef = 4A6EAC182328C2FC00EB250A /* KBCancelClosure.swift */; };
		4A6EAC1F2328C2FC00EB250A /* String+Path.swift in Sources */ = {isa = PBXBuildFile; fileRef = 4A6EAC192328C2FC00EB250A /* String+Path.swift */; };
		4A6EAC202328C2FC00EB250A /* DispatchQueue+extension.swift in Sources */ = {isa = PBXBuildFile; fileRef = 4A6EAC1A2328C2FC00EB250A /* DispatchQueue+extension.swift */; };
		4A6EAC212328C2FC00EB250A /* Keychain+Ext.swift in Sources */ = {isa = PBXBuildFile; fileRef = 4A6EAC1B2328C2FC00EB250A /* Keychain+Ext.swift */; };
		4A6EAC232328C73100EB250A /* KBLogKey.swift in Sources */ = {isa = PBXBuildFile; fileRef = 4A6EAC222328C73100EB250A /* KBLogKey.swift */; };
		4AC182DC230D1548000B6BFE /* MLEditorTableViewDelegate.swift in Sources */ = {isa = PBXBuildFile; fileRef = 4AC182DB230D1548000B6BFE /* MLEditorTableViewDelegate.swift */; };
		4AC182E0230D2156000B6BFE /* ViewExtension.swift in Sources */ = {isa = PBXBuildFile; fileRef = 4AC182DF230D2156000B6BFE /* ViewExtension.swift */; };
		4AC182E2230D289F000B6BFE /* MLContextEditorVC.swift in Sources */ = {isa = PBXBuildFile; fileRef = 4AC182E1230D289F000B6BFE /* MLContextEditorVC.swift */; };
		4AC235BE21B775F000D50F1E /* Main.storyboard in Resources */ = {isa = PBXBuildFile; fileRef = 4AC235BC21B775F000D50F1E /* Main.storyboard */; };
		4AC235C021B775F200D50F1E /* Assets.xcassets in Resources */ = {isa = PBXBuildFile; fileRef = 4AC235BF21B775F200D50F1E /* Assets.xcassets */; };
		4AC235C321B775F200D50F1E /* LaunchScreen.storyboard in Resources */ = {isa = PBXBuildFile; fileRef = 4AC235C121B775F200D50F1E /* LaunchScreen.storyboard */; };
		4AC235CE21B775F200D50F1E /* MylistTests.swift in Sources */ = {isa = PBXBuildFile; fileRef = 4AC235CD21B775F200D50F1E /* MylistTests.swift */; };
		4AC235D921B775F200D50F1E /* MylistUITests.swift in Sources */ = {isa = PBXBuildFile; fileRef = 4AC235D821B775F200D50F1E /* MylistUITests.swift */; };
		4AC2368F21BA179500D50F1E /* MLEvent.swift in Sources */ = {isa = PBXBuildFile; fileRef = 4AC2368E21BA179500D50F1E /* MLEvent.swift */; };
		4ADB18AF23166693002A8C5E /* surprise.aiff in Resources */ = {isa = PBXBuildFile; fileRef = 4ADB18AE23166693002A8C5E /* surprise.aiff */; };
		4ADB18B123166737002A8C5E /* bb.wav in Resources */ = {isa = PBXBuildFile; fileRef = 4ADB18B023166737002A8C5E /* bb.wav */; };
		4ADB18B323166C5E002A8C5E /* credential.wav in Resources */ = {isa = PBXBuildFile; fileRef = 4ADB18B223166C5E002A8C5E /* credential.wav */; };
		4ADB18B523166D1E002A8C5E /* MLEventType+Sound.swift in Sources */ = {isa = PBXBuildFile; fileRef = 4ADB18B423166D1E002A8C5E /* MLEventType+Sound.swift */; };
		4ADB18B723167055002A8C5E /* payDebt.wav in Resources */ = {isa = PBXBuildFile; fileRef = 4ADB18B623167055002A8C5E /* payDebt.wav */; };
		4ADB18E7231D0AE2002A8C5E /* MLEntity.swift in Sources */ = {isa = PBXBuildFile; fileRef = 4ADB18E5231D0AE2002A8C5E /* MLEntity.swift */; };
		4ADB18E8231D0AE2002A8C5E /* MLEventDBBiz.swift in Sources */ = {isa = PBXBuildFile; fileRef = 4ADB18E6231D0AE2002A8C5E /* MLEventDBBiz.swift */; };
		4ADB18EA231E48BD002A8C5E /* MLDBError.swift in Sources */ = {isa = PBXBuildFile; fileRef = 4ADB18E9231E48BD002A8C5E /* MLDBError.swift */; };
		4ADB18EC231E65A9002A8C5E /* MLALert.swift in Sources */ = {isa = PBXBuildFile; fileRef = 4ADB18EB231E65A9002A8C5E /* MLALert.swift */; };
		4ADB18EE231E6896002A8C5E /* ViewControllerExtension.swift in Sources */ = {isa = PBXBuildFile; fileRef = 4ADB18ED231E6896002A8C5E /* ViewControllerExtension.swift */; };
/* End PBXBuildFile section */

/* Begin PBXContainerItemProxy section */
		4AC235CA21B775F200D50F1E /* PBXContainerItemProxy */ = {
			isa = PBXContainerItemProxy;
			containerPortal = 4AC235AD21B775F000D50F1E /* Project object */;
			proxyType = 1;
			remoteGlobalIDString = 4AC235B421B775F000D50F1E;
			remoteInfo = Mylist;
		};
		4AC235D521B775F200D50F1E /* PBXContainerItemProxy */ = {
			isa = PBXContainerItemProxy;
			containerPortal = 4AC235AD21B775F000D50F1E /* Project object */;
			proxyType = 1;
			remoteGlobalIDString = 4AC235B421B775F000D50F1E;
			remoteInfo = Mylist;
		};
/* End PBXContainerItemProxy section */

/* Begin PBXCopyFilesBuildPhase section */
		4AD04B092327ADB000D9E1C0 /* CopyFiles */ = {
			isa = PBXCopyFilesBuildPhase;
			buildActionMask = 12;
			dstPath = "";
			dstSubfolderSpec = 10;
			files = (
			);
			runOnlyForDeploymentPostprocessing = 0;
		};
/* End PBXCopyFilesBuildPhase section */

/* Begin PBXFileReference section */
		1832A9382315675A00F59946 /* MLPicker.swift */ = {isa = PBXFileReference; lastKnownFileType = sourcecode.swift; path = MLPicker.swift; sourceTree = "<group>"; };
		1832A93A2315772D00F59946 /* MLTypeDefine.swift */ = {isa = PBXFileReference; lastKnownFileType = sourcecode.swift; path = MLTypeDefine.swift; sourceTree = "<group>"; };
		1832A93C23169FA400F59946 /* MLDatePicker.swift */ = {isa = PBXFileReference; lastKnownFileType = sourcecode.swift; path = MLDatePicker.swift; sourceTree = "<group>"; };
		4A0AFE442328E2A90017F934 /* Add.png */ = {isa = PBXFileReference; lastKnownFileType = image.png; path = Add.png; sourceTree = "<group>"; };
		4A0AFE452328E2A90017F934 /* Add@2x.png */ = {isa = PBXFileReference; lastKnownFileType = image.png; path = "Add@2x.png"; sourceTree = "<group>"; };
		4A0AFE462328E2A90017F934 /* Add@3x.png */ = {isa = PBXFileReference; lastKnownFileType = image.png; path = "Add@3x.png"; sourceTree = "<group>"; };
		4A0AFE4B2328E3860017F934 /* UIButton+Ext.swift */ = {isa = PBXFileReference; lastKnownFileType = sourcecode.swift; path = "UIButton+Ext.swift"; sourceTree = "<group>"; };
		4A16AAA32315155200BEDC5C /* MLEvent+Biz.swift */ = {isa = PBXFileReference; lastKnownFileType = sourcecode.swift; path = "MLEvent+Biz.swift"; sourceTree = "<group>"; };
		4A1B50F823161FE9001244E9 /* MainViewController.swift */ = {isa = PBXFileReference; fileEncoding = 4; lastKnownFileType = sourcecode.swift; path = MainViewController.swift; sourceTree = "<group>"; };
		4A1B50FA23161FEA001244E9 /* AppDelegate.swift */ = {isa = PBXFileReference; fileEncoding = 4; lastKnownFileType = sourcecode.swift; path = AppDelegate.swift; sourceTree = "<group>"; };
		4A2090ED221CED31003E9386 /* MLEditorViewController.swift */ = {isa = PBXFileReference; lastKnownFileType = sourcecode.swift; path = MLEditorViewController.swift; sourceTree = "<group>"; };
		4A2090F0221CF984003E9386 /* MLNotificationHelper.swift */ = {isa = PBXFileReference; lastKnownFileType = sourcecode.swift; path = MLNotificationHelper.swift; sourceTree = "<group>"; };
		4A56CE3B23136F0200195C05 /* FoundationExtension.swift */ = {isa = PBXFileReference; lastKnownFileType = sourcecode.swift; path = FoundationExtension.swift; sourceTree = "<group>"; };
		4A6EAC012328869000EB250A /* FMDatabase.h */ = {isa = PBXFileReference; fileEncoding = 4; lastKnownFileType = sourcecode.c.h; path = FMDatabase.h; sourceTree = "<group>"; };
		4A6EAC022328869000EB250A /* FMDatabaseQueue.m */ = {isa = PBXFileReference; fileEncoding = 4; lastKnownFileType = sourcecode.c.objc; path = FMDatabaseQueue.m; sourceTree = "<group>"; };
		4A6EAC032328869000EB250A /* FMResultSet.h */ = {isa = PBXFileReference; fileEncoding = 4; lastKnownFileType = sourcecode.c.h; path = FMResultSet.h; sourceTree = "<group>"; };
		4A6EAC042328869000EB250A /* FMDatabasePool.h */ = {isa = PBXFileReference; fileEncoding = 4; lastKnownFileType = sourcecode.c.h; path = FMDatabasePool.h; sourceTree = "<group>"; };
		4A6EAC052328869000EB250A /* FMDatabaseAdditions.m */ = {isa = PBXFileReference; fileEncoding = 4; lastKnownFileType = sourcecode.c.objc; path = FMDatabaseAdditions.m; sourceTree = "<group>"; };
		4A6EAC062328869000EB250A /* FMDatabase.m */ = {isa = PBXFileReference; fileEncoding = 4; lastKnownFileType = sourcecode.c.objc; path = FMDatabase.m; sourceTree = "<group>"; };
		4A6EAC072328869000EB250A /* FMDatabaseQueue.h */ = {isa = PBXFileReference; fileEncoding = 4; lastKnownFileType = sourcecode.c.h; path = FMDatabaseQueue.h; sourceTree = "<group>"; };
		4A6EAC082328869000EB250A /* FMDB.h */ = {isa = PBXFileReference; fileEncoding = 4; lastKnownFileType = sourcecode.c.h; path = FMDB.h; sourceTree = "<group>"; };
		4A6EAC092328869000EB250A /* FMDatabaseAdditions.h */ = {isa = PBXFileReference; fileEncoding = 4; lastKnownFileType = sourcecode.c.h; path = FMDatabaseAdditions.h; sourceTree = "<group>"; };
		4A6EAC0A2328869000EB250A /* FMDatabasePool.m */ = {isa = PBXFileReference; fileEncoding = 4; lastKnownFileType = sourcecode.c.objc; path = FMDatabasePool.m; sourceTree = "<group>"; };
		4A6EAC0B2328869000EB250A /* FMResultSet.m */ = {isa = PBXFileReference; fileEncoding = 4; lastKnownFileType = sourcecode.c.objc; path = FMResultSet.m; sourceTree = "<group>"; };
		4A6EAC152328C2FC00EB250A /* KBLog.swift */ = {isa = PBXFileReference; fileEncoding = 4; lastKnownFileType = sourcecode.swift; path = KBLog.swift; sourceTree = "<group>"; };
		4A6EAC172328C2FC00EB250A /* Dictionary+Ext.swift */ = {isa = PBXFileReference; fileEncoding = 4; lastKnownFileType = sourcecode.swift; path = "Dictionary+Ext.swift"; sourceTree = "<group>"; };
		4A6EAC182328C2FC00EB250A /* KBCancelClosure.swift */ = {isa = PBXFileReference; fileEncoding = 4; lastKnownFileType = sourcecode.swift; path = KBCancelClosure.swift; sourceTree = "<group>"; };
		4A6EAC192328C2FC00EB250A /* String+Path.swift */ = {isa = PBXFileReference; fileEncoding = 4; lastKnownFileType = sourcecode.swift; path = "String+Path.swift"; sourceTree = "<group>"; };
		4A6EAC1A2328C2FC00EB250A /* DispatchQueue+extension.swift */ = {isa = PBXFileReference; fileEncoding = 4; lastKnownFileType = sourcecode.swift; path = "DispatchQueue+extension.swift"; sourceTree = "<group>"; };
		4A6EAC1B2328C2FC00EB250A /* Keychain+Ext.swift */ = {isa = PBXFileReference; fileEncoding = 4; lastKnownFileType = sourcecode.swift; path = "Keychain+Ext.swift"; sourceTree = "<group>"; };
		4A6EAC222328C73100EB250A /* KBLogKey.swift */ = {isa = PBXFileReference; lastKnownFileType = sourcecode.swift; path = KBLogKey.swift; sourceTree = "<group>"; };
		4AB8184323287F8400B2F19F /* BridgingHeader.h */ = {isa = PBXFileReference; fileEncoding = 4; lastKnownFileType = sourcecode.c.h; path = BridgingHeader.h; sourceTree = "<group>"; };
		4AC182DB230D1548000B6BFE /* MLEditorTableViewDelegate.swift */ = {isa = PBXFileReference; lastKnownFileType = sourcecode.swift; path = MLEditorTableViewDelegate.swift; sourceTree = "<group>"; };
		4AC182DF230D2156000B6BFE /* ViewExtension.swift */ = {isa = PBXFileReference; lastKnownFileType = sourcecode.swift; path = ViewExtension.swift; sourceTree = "<group>"; };
		4AC182E1230D289F000B6BFE /* MLContextEditorVC.swift */ = {isa = PBXFileReference; lastKnownFileType = sourcecode.swift; path = MLContextEditorVC.swift; sourceTree = "<group>"; };
		4AC235B521B775F000D50F1E /* Mylist.app */ = {isa = PBXFileReference; explicitFileType = wrapper.application; includeInIndex = 0; path = Mylist.app; sourceTree = BUILT_PRODUCTS_DIR; };
		4AC235BD21B775F000D50F1E /* Base */ = {isa = PBXFileReference; lastKnownFileType = file.storyboard; name = Base; path = Base.lproj/Main.storyboard; sourceTree = "<group>"; };
		4AC235BF21B775F200D50F1E /* Assets.xcassets */ = {isa = PBXFileReference; lastKnownFileType = folder.assetcatalog; path = Assets.xcassets; sourceTree = "<group>"; };
		4AC235C221B775F200D50F1E /* Base */ = {isa = PBXFileReference; lastKnownFileType = file.storyboard; name = Base; path = Base.lproj/LaunchScreen.storyboard; sourceTree = "<group>"; };
		4AC235C421B775F200D50F1E /* Info.plist */ = {isa = PBXFileReference; lastKnownFileType = text.plist.xml; path = Info.plist; sourceTree = "<group>"; };
		4AC235C921B775F200D50F1E /* MylistTests.xctest */ = {isa = PBXFileReference; explicitFileType = wrapper.cfbundle; includeInIndex = 0; path = MylistTests.xctest; sourceTree = BUILT_PRODUCTS_DIR; };
		4AC235CD21B775F200D50F1E /* MylistTests.swift */ = {isa = PBXFileReference; lastKnownFileType = sourcecode.swift; path = MylistTests.swift; sourceTree = "<group>"; };
		4AC235CF21B775F200D50F1E /* Info.plist */ = {isa = PBXFileReference; lastKnownFileType = text.plist.xml; path = Info.plist; sourceTree = "<group>"; };
		4AC235D421B775F200D50F1E /* MylistUITests.xctest */ = {isa = PBXFileReference; explicitFileType = wrapper.cfbundle; includeInIndex = 0; path = MylistUITests.xctest; sourceTree = BUILT_PRODUCTS_DIR; };
		4AC235D821B775F200D50F1E /* MylistUITests.swift */ = {isa = PBXFileReference; lastKnownFileType = sourcecode.swift; path = MylistUITests.swift; sourceTree = "<group>"; };
		4AC235DA21B775F200D50F1E /* Info.plist */ = {isa = PBXFileReference; lastKnownFileType = text.plist.xml; path = Info.plist; sourceTree = "<group>"; };
		4AC2368E21BA179500D50F1E /* MLEvent.swift */ = {isa = PBXFileReference; lastKnownFileType = sourcecode.swift; path = MLEvent.swift; sourceTree = "<group>"; };
		4ADB18AE23166693002A8C5E /* surprise.aiff */ = {isa = PBXFileReference; lastKnownFileType = audio.aiff; path = surprise.aiff; sourceTree = "<group>"; };
		4ADB18B023166737002A8C5E /* bb.wav */ = {isa = PBXFileReference; lastKnownFileType = audio.wav; path = bb.wav; sourceTree = "<group>"; };
		4ADB18B223166C5E002A8C5E /* credential.wav */ = {isa = PBXFileReference; lastKnownFileType = audio.wav; path = credential.wav; sourceTree = "<group>"; };
		4ADB18B423166D1E002A8C5E /* MLEventType+Sound.swift */ = {isa = PBXFileReference; lastKnownFileType = sourcecode.swift; path = "MLEventType+Sound.swift"; sourceTree = "<group>"; };
		4ADB18B623167055002A8C5E /* payDebt.wav */ = {isa = PBXFileReference; lastKnownFileType = audio.wav; path = payDebt.wav; sourceTree = "<group>"; };
		4ADB18E5231D0AE2002A8C5E /* MLEntity.swift */ = {isa = PBXFileReference; fileEncoding = 4; lastKnownFileType = sourcecode.swift; path = MLEntity.swift; sourceTree = "<group>"; };
		4ADB18E6231D0AE2002A8C5E /* MLEventDBBiz.swift */ = {isa = PBXFileReference; fileEncoding = 4; lastKnownFileType = sourcecode.swift; path = MLEventDBBiz.swift; sourceTree = "<group>"; };
		4ADB18E9231E48BD002A8C5E /* MLDBError.swift */ = {isa = PBXFileReference; lastKnownFileType = sourcecode.swift; path = MLDBError.swift; sourceTree = "<group>"; };
		4ADB18EB231E65A9002A8C5E /* MLALert.swift */ = {isa = PBXFileReference; lastKnownFileType = sourcecode.swift; path = MLALert.swift; sourceTree = "<group>"; };
		4ADB18ED231E6896002A8C5E /* ViewControllerExtension.swift */ = {isa = PBXFileReference; lastKnownFileType = sourcecode.swift; path = ViewControllerExtension.swift; sourceTree = "<group>"; };
/* End PBXFileReference section */

/* Begin PBXFrameworksBuildPhase section */
		4AC235B221B775F000D50F1E /* Frameworks */ = {
			isa = PBXFrameworksBuildPhase;
			buildActionMask = 2147483647;
			files = (
			);
			runOnlyForDeploymentPostprocessing = 0;
		};
		4AC235C621B775F200D50F1E /* Frameworks */ = {
			isa = PBXFrameworksBuildPhase;
			buildActionMask = 2147483647;
			files = (
			);
			runOnlyForDeploymentPostprocessing = 0;
		};
		4AC235D121B775F200D50F1E /* Frameworks */ = {
			isa = PBXFrameworksBuildPhase;
			buildActionMask = 2147483647;
			files = (
			);
			runOnlyForDeploymentPostprocessing = 0;
		};
/* End PBXFrameworksBuildPhase section */

/* Begin PBXGroup section */
		4A0AFE432328E2A90017F934 /* Images */ = {
			isa = PBXGroup;
			children = (
				4A0AFE442328E2A90017F934 /* Add.png */,
				4A0AFE452328E2A90017F934 /* Add@2x.png */,
				4A0AFE462328E2A90017F934 /* Add@3x.png */,
			);
			path = Images;
			sourceTree = "<group>";
		};
		4A0AFE4A2328E34A0017F934 /* UIKit */ = {
			isa = PBXGroup;
			children = (
				4A0AFE4B2328E3860017F934 /* UIButton+Ext.swift */,
			);
			path = UIKit;
			sourceTree = "<group>";
		};
		4A1B50F32315203B001244E9 /* Resources */ = {
			isa = PBXGroup;
			children = (
				4A0AFE432328E2A90017F934 /* Images */,
				4A6EAC002328869000EB250A /* fmdb */,
				4ADB18E4231D0AE2002A8C5E /* db */,
				4ADB18AB231665B0002A8C5E /* Audios */,
				4A1B50FA23161FEA001244E9 /* AppDelegate.swift */,
				4A1B50F823161FE9001244E9 /* MainViewController.swift */,
				4AC235BC21B775F000D50F1E /* Main.storyboard */,
				4AC235BF21B775F200D50F1E /* Assets.xcassets */,
				4AC235C121B775F200D50F1E /* LaunchScreen.storyboard */,
				4AC235C421B775F200D50F1E /* Info.plist */,
				4AB8184323287F8400B2F19F /* BridgingHeader.h */,
			);
			path = Resources;
			sourceTree = "<group>";
		};
		4A2090EF221CF968003E9386 /* LocalNotification */ = {
			isa = PBXGroup;
			children = (
				4A2090F0221CF984003E9386 /* MLNotificationHelper.swift */,
				4ADB18B423166D1E002A8C5E /* MLEventType+Sound.swift */,
			);
			path = LocalNotification;
			sourceTree = "<group>";
		};
		4A6EAC002328869000EB250A /* fmdb */ = {
			isa = PBXGroup;
			children = (
				4A6EAC012328869000EB250A /* FMDatabase.h */,
				4A6EAC022328869000EB250A /* FMDatabaseQueue.m */,
				4A6EAC032328869000EB250A /* FMResultSet.h */,
				4A6EAC042328869000EB250A /* FMDatabasePool.h */,
				4A6EAC052328869000EB250A /* FMDatabaseAdditions.m */,
				4A6EAC062328869000EB250A /* FMDatabase.m */,
				4A6EAC072328869000EB250A /* FMDatabaseQueue.h */,
				4A6EAC082328869000EB250A /* FMDB.h */,
				4A6EAC092328869000EB250A /* FMDatabaseAdditions.h */,
				4A6EAC0A2328869000EB250A /* FMDatabasePool.m */,
				4A6EAC0B2328869000EB250A /* FMResultSet.m */,
			);
			path = fmdb;
			sourceTree = "<group>";
		};
		4A6EAC132328C2FC00EB250A /* Vendor */ = {
			isa = PBXGroup;
			children = (
				4A0AFE4A2328E34A0017F934 /* UIKit */,
				4A6EAC142328C2FC00EB250A /* MLLog */,
				4A6EAC162328C2FC00EB250A /* Foundation */,
			);
			path = Vendor;
			sourceTree = "<group>";
		};
		4A6EAC142328C2FC00EB250A /* MLLog */ = {
			isa = PBXGroup;
			children = (
				4A6EAC152328C2FC00EB250A /* KBLog.swift */,
				4A6EAC222328C73100EB250A /* KBLogKey.swift */,
			);
			path = MLLog;
			sourceTree = "<group>";
		};
		4A6EAC162328C2FC00EB250A /* Foundation */ = {
			isa = PBXGroup;
			children = (
				4A6EAC172328C2FC00EB250A /* Dictionary+Ext.swift */,
				4A6EAC182328C2FC00EB250A /* KBCancelClosure.swift */,
				4A6EAC192328C2FC00EB250A /* String+Path.swift */,
				4A6EAC1A2328C2FC00EB250A /* DispatchQueue+extension.swift */,
				4A6EAC1B2328C2FC00EB250A /* Keychain+Ext.swift */,
			);
			path = Foundation;
			sourceTree = "<group>";
		};
		4AC182DD230D192E000B6BFE /* EditVC */ = {
			isa = PBXGroup;
			children = (
				4A2090ED221CED31003E9386 /* MLEditorViewController.swift */,
				4AC182DB230D1548000B6BFE /* MLEditorTableViewDelegate.swift */,
				4AC182E1230D289F000B6BFE /* MLContextEditorVC.swift */,
				4AC182DE230D194E000B6BFE /* views */,
			);
			path = EditVC;
			sourceTree = "<group>";
		};
		4AC182DE230D194E000B6BFE /* views */ = {
			isa = PBXGroup;
			children = (
				4AC182DF230D2156000B6BFE /* ViewExtension.swift */,
				4A56CE3B23136F0200195C05 /* FoundationExtension.swift */,
				4ADB18ED231E6896002A8C5E /* ViewControllerExtension.swift */,
				1832A9382315675A00F59946 /* MLPicker.swift */,
				1832A93C23169FA400F59946 /* MLDatePicker.swift */,
				4ADB18EB231E65A9002A8C5E /* MLALert.swift */,
			);
			path = views;
			sourceTree = "<group>";
		};
		4AC235AC21B775F000D50F1E = {
			isa = PBXGroup;
			children = (
				4AC235B721B775F000D50F1E /* Mylist */,
				4AC235CC21B775F200D50F1E /* MylistTests */,
				4AC235D721B775F200D50F1E /* MylistUITests */,
				4AC235B621B775F000D50F1E /* Products */,
				4AFD56F6230CE84C00D3DF83 /* Frameworks */,
			);
			sourceTree = "<group>";
		};
		4AC235B621B775F000D50F1E /* Products */ = {
			isa = PBXGroup;
			children = (
				4AC235B521B775F000D50F1E /* Mylist.app */,
				4AC235C921B775F200D50F1E /* MylistTests.xctest */,
				4AC235D421B775F200D50F1E /* MylistUITests.xctest */,
			);
			name = Products;
			sourceTree = "<group>";
		};
		4AC235B721B775F000D50F1E /* Mylist */ = {
			isa = PBXGroup;
			children = (
				4A6EAC132328C2FC00EB250A /* Vendor */,
				4A1B50F32315203B001244E9 /* Resources */,
				4AC182DD230D192E000B6BFE /* EditVC */,
				4A2090EF221CF968003E9386 /* LocalNotification */,
				4AC2368D21BA177000D50F1E /* DataStructure */,
			);
			path = Mylist;
			sourceTree = "<group>";
		};
		4AC235CC21B775F200D50F1E /* MylistTests */ = {
			isa = PBXGroup;
			children = (
				4AC235CD21B775F200D50F1E /* MylistTests.swift */,
				4AC235CF21B775F200D50F1E /* Info.plist */,
			);
			path = MylistTests;
			sourceTree = "<group>";
		};
		4AC235D721B775F200D50F1E /* MylistUITests */ = {
			isa = PBXGroup;
			children = (
				4AC235D821B775F200D50F1E /* MylistUITests.swift */,
				4AC235DA21B775F200D50F1E /* Info.plist */,
			);
			path = MylistUITests;
			sourceTree = "<group>";
		};
		4AC2368D21BA177000D50F1E /* DataStructure */ = {
			isa = PBXGroup;
			children = (
				4AC2368E21BA179500D50F1E /* MLEvent.swift */,
				1832A93A2315772D00F59946 /* MLTypeDefine.swift */,
				4A16AAA32315155200BEDC5C /* MLEvent+Biz.swift */,
			);
			path = DataStructure;
			sourceTree = "<group>";
		};
		4ADB18AB231665B0002A8C5E /* Audios */ = {
			isa = PBXGroup;
			children = (
				4ADB18B623167055002A8C5E /* payDebt.wav */,
				4ADB18B023166737002A8C5E /* bb.wav */,
				4ADB18AE23166693002A8C5E /* surprise.aiff */,
				4ADB18B223166C5E002A8C5E /* credential.wav */,
			);
			path = Audios;
			sourceTree = "<group>";
		};
		4ADB18E4231D0AE2002A8C5E /* db */ = {
			isa = PBXGroup;
			children = (
				4ADB18E5231D0AE2002A8C5E /* MLEntity.swift */,
				4ADB18E6231D0AE2002A8C5E /* MLEventDBBiz.swift */,
				4ADB18E9231E48BD002A8C5E /* MLDBError.swift */,
			);
			path = db;
			sourceTree = "<group>";
		};
		4AFD56F6230CE84C00D3DF83 /* Frameworks */ = {
			isa = PBXGroup;
			children = (
			);
			name = Frameworks;
			sourceTree = "<group>";
		};
/* End PBXGroup section */

/* Begin PBXNativeTarget section */
		4AC235B421B775F000D50F1E /* Mylist */ = {
			isa = PBXNativeTarget;
			buildConfigurationList = 4AC235DD21B775F200D50F1E /* Build configuration list for PBXNativeTarget "Mylist" */;
			buildPhases = (
				4AC235B121B775F000D50F1E /* Sources */,
				4AC235B221B775F000D50F1E /* Frameworks */,
				4AC235B321B775F000D50F1E /* Resources */,
				4AD04B092327ADB000D9E1C0 /* CopyFiles */,
			);
			buildRules = (
			);
			dependencies = (
			);
			name = Mylist;
			productName = Mylist;
			productReference = 4AC235B521B775F000D50F1E /* Mylist.app */;
			productType = "com.apple.product-type.application";
		};
		4AC235C821B775F200D50F1E /* MylistTests */ = {
			isa = PBXNativeTarget;
			buildConfigurationList = 4AC235E021B775F200D50F1E /* Build configuration list for PBXNativeTarget "MylistTests" */;
			buildPhases = (
				4AC235C521B775F200D50F1E /* Sources */,
				4AC235C621B775F200D50F1E /* Frameworks */,
				4AC235C721B775F200D50F1E /* Resources */,
			);
			buildRules = (
			);
			dependencies = (
				4AC235CB21B775F200D50F1E /* PBXTargetDependency */,
			);
			name = MylistTests;
			productName = MylistTests;
			productReference = 4AC235C921B775F200D50F1E /* MylistTests.xctest */;
			productType = "com.apple.product-type.bundle.unit-test";
		};
		4AC235D321B775F200D50F1E /* MylistUITests */ = {
			isa = PBXNativeTarget;
			buildConfigurationList = 4AC235E321B775F200D50F1E /* Build configuration list for PBXNativeTarget "MylistUITests" */;
			buildPhases = (
				4AC235D021B775F200D50F1E /* Sources */,
				4AC235D121B775F200D50F1E /* Frameworks */,
				4AC235D221B775F200D50F1E /* Resources */,
			);
			buildRules = (
			);
			dependencies = (
				4AC235D621B775F200D50F1E /* PBXTargetDependency */,
			);
			name = MylistUITests;
			productName = MylistUITests;
			productReference = 4AC235D421B775F200D50F1E /* MylistUITests.xctest */;
			productType = "com.apple.product-type.bundle.ui-testing";
		};
/* End PBXNativeTarget section */

/* Begin PBXProject section */
		4AC235AD21B775F000D50F1E /* Project object */ = {
			isa = PBXProject;
			attributes = {
				LastSwiftUpdateCheck = 0940;
				LastUpgradeCheck = 0940;
				ORGANIZATIONNAME = Kobe;
				TargetAttributes = {
					4AC235B421B775F000D50F1E = {
						CreatedOnToolsVersion = 9.4.1;
					};
					4AC235C821B775F200D50F1E = {
						CreatedOnToolsVersion = 9.4.1;
						TestTargetID = 4AC235B421B775F000D50F1E;
					};
					4AC235D321B775F200D50F1E = {
						CreatedOnToolsVersion = 9.4.1;
						TestTargetID = 4AC235B421B775F000D50F1E;
					};
				};
			};
			buildConfigurationList = 4AC235B021B775F000D50F1E /* Build configuration list for PBXProject "Mylist" */;
			compatibilityVersion = "Xcode 9.3";
			developmentRegion = en;
			hasScannedForEncodings = 0;
			knownRegions = (
				en,
				Base,
			);
			mainGroup = 4AC235AC21B775F000D50F1E;
			productRefGroup = 4AC235B621B775F000D50F1E /* Products */;
			projectDirPath = "";
			projectRoot = "";
			targets = (
				4AC235B421B775F000D50F1E /* Mylist */,
				4AC235C821B775F200D50F1E /* MylistTests */,
				4AC235D321B775F200D50F1E /* MylistUITests */,
			);
		};
/* End PBXProject section */

/* Begin PBXResourcesBuildPhase section */
		4AC235B321B775F000D50F1E /* Resources */ = {
			isa = PBXResourcesBuildPhase;
			buildActionMask = 2147483647;
			files = (
				4AC235C321B775F200D50F1E /* LaunchScreen.storyboard in Resources */,
				4ADB18AF23166693002A8C5E /* surprise.aiff in Resources */,
				4A0AFE482328E2A90017F934 /* Add@2x.png in Resources */,
				4ADB18B723167055002A8C5E /* payDebt.wav in Resources */,
				4A0AFE472328E2A90017F934 /* Add.png in Resources */,
				4ADB18B123166737002A8C5E /* bb.wav in Resources */,
				4AC235C021B775F200D50F1E /* Assets.xcassets in Resources */,
				4AC235BE21B775F000D50F1E /* Main.storyboard in Resources */,
				4ADB18B323166C5E002A8C5E /* credential.wav in Resources */,
				4A0AFE492328E2A90017F934 /* Add@3x.png in Resources */,
			);
			runOnlyForDeploymentPostprocessing = 0;
		};
		4AC235C721B775F200D50F1E /* Resources */ = {
			isa = PBXResourcesBuildPhase;
			buildActionMask = 2147483647;
			files = (
			);
			runOnlyForDeploymentPostprocessing = 0;
		};
		4AC235D221B775F200D50F1E /* Resources */ = {
			isa = PBXResourcesBuildPhase;
			buildActionMask = 2147483647;
			files = (
			);
			runOnlyForDeploymentPostprocessing = 0;
		};
/* End PBXResourcesBuildPhase section */

/* Begin PBXSourcesBuildPhase section */
		4AC235B121B775F000D50F1E /* Sources */ = {
			isa = PBXSourcesBuildPhase;
			buildActionMask = 2147483647;
			files = (
				4ADB18B523166D1E002A8C5E /* MLEventType+Sound.swift in Sources */,
				4ADB18EC231E65A9002A8C5E /* MLALert.swift in Sources */,
				4A1B50FC23161FEA001244E9 /* AppDelegate.swift in Sources */,
				4A6EAC0F2328869000EB250A /* FMDatabasePool.m in Sources */,
				4A6EAC1D2328C2FC00EB250A /* Dictionary+Ext.swift in Sources */,
				4AC182E2230D289F000B6BFE /* MLContextEditorVC.swift in Sources */,
				4ADB18E8231D0AE2002A8C5E /* MLEventDBBiz.swift in Sources */,
				4A6EAC102328869000EB250A /* FMResultSet.m in Sources */,
				4A6EAC0D2328869000EB250A /* FMDatabaseAdditions.m in Sources */,
				4A6EAC1C2328C2FC00EB250A /* KBLog.swift in Sources */,
				4A6EAC0C2328869000EB250A /* FMDatabaseQueue.m in Sources */,
				4A6EAC1E2328C2FC00EB250A /* KBCancelClosure.swift in Sources */,
				4A6EAC232328C73100EB250A /* KBLogKey.swift in Sources */,
				4A6EAC1F2328C2FC00EB250A /* String+Path.swift in Sources */,
				4A1B50FB23161FEA001244E9 /* MainViewController.swift in Sources */,
				4A6EAC202328C2FC00EB250A /* DispatchQueue+extension.swift in Sources */,
				4A0AFE4C2328E3860017F934 /* UIButton+Ext.swift in Sources */,
				4AC2368F21BA179500D50F1E /* MLEvent.swift in Sources */,
				4A6EAC0E2328869000EB250A /* FMDatabase.m in Sources */,
				4A2090EE221CED31003E9386 /* MLEditorViewController.swift in Sources */,
				1832A93D23169FA400F59946 /* MLDatePicker.swift in Sources */,
				4AC182E0230D2156000B6BFE /* ViewExtension.swift in Sources */,
				4ADB18E7231D0AE2002A8C5E /* MLEntity.swift in Sources */,
				4AC182DC230D1548000B6BFE /* MLEditorTableViewDelegate.swift in Sources */,
				1832A9392315675A00F59946 /* MLPicker.swift in Sources */,
				4A6EAC212328C2FC00EB250A /* Keychain+Ext.swift in Sources */,
				4ADB18EE231E6896002A8C5E /* ViewControllerExtension.swift in Sources */,
				1832A93B2315772D00F59946 /* MLTypeDefine.swift in Sources */,
				4A16AAA52315157F00BEDC5C /* MLEvent+Biz.swift in Sources */,
				4A56CE3C23136F0200195C05 /* FoundationExtension.swift in Sources */,
				4A2090F1221CF984003E9386 /* MLNotificationHelper.swift in Sources */,
				4ADB18EA231E48BD002A8C5E /* MLDBError.swift in Sources */,
			);
			runOnlyForDeploymentPostprocessing = 0;
		};
		4AC235C521B775F200D50F1E /* Sources */ = {
			isa = PBXSourcesBuildPhase;
			buildActionMask = 2147483647;
			files = (
				4AC235CE21B775F200D50F1E /* MylistTests.swift in Sources */,
			);
			runOnlyForDeploymentPostprocessing = 0;
		};
		4AC235D021B775F200D50F1E /* Sources */ = {
			isa = PBXSourcesBuildPhase;
			buildActionMask = 2147483647;
			files = (
				4AC235D921B775F200D50F1E /* MylistUITests.swift in Sources */,
			);
			runOnlyForDeploymentPostprocessing = 0;
		};
/* End PBXSourcesBuildPhase section */

/* Begin PBXTargetDependency section */
		4AC235CB21B775F200D50F1E /* PBXTargetDependency */ = {
			isa = PBXTargetDependency;
			target = 4AC235B421B775F000D50F1E /* Mylist */;
			targetProxy = 4AC235CA21B775F200D50F1E /* PBXContainerItemProxy */;
		};
		4AC235D621B775F200D50F1E /* PBXTargetDependency */ = {
			isa = PBXTargetDependency;
			target = 4AC235B421B775F000D50F1E /* Mylist */;
			targetProxy = 4AC235D521B775F200D50F1E /* PBXContainerItemProxy */;
		};
/* End PBXTargetDependency section */

/* Begin PBXVariantGroup section */
		4AC235BC21B775F000D50F1E /* Main.storyboard */ = {
			isa = PBXVariantGroup;
			children = (
				4AC235BD21B775F000D50F1E /* Base */,
			);
			name = Main.storyboard;
			sourceTree = "<group>";
		};
		4AC235C121B775F200D50F1E /* LaunchScreen.storyboard */ = {
			isa = PBXVariantGroup;
			children = (
				4AC235C221B775F200D50F1E /* Base */,
			);
			name = LaunchScreen.storyboard;
			sourceTree = "<group>";
		};
/* End PBXVariantGroup section */

/* Begin XCBuildConfiguration section */
		4AC235DB21B775F200D50F1E /* Debug */ = {
			isa = XCBuildConfiguration;
			buildSettings = {
				ALWAYS_SEARCH_USER_PATHS = NO;
				CLANG_ANALYZER_NONNULL = YES;
				CLANG_ANALYZER_NUMBER_OBJECT_CONVERSION = YES_AGGRESSIVE;
				CLANG_CXX_LANGUAGE_STANDARD = "gnu++14";
				CLANG_CXX_LIBRARY = "libc++";
				CLANG_ENABLE_MODULES = YES;
				CLANG_ENABLE_OBJC_ARC = YES;
				CLANG_ENABLE_OBJC_WEAK = YES;
				CLANG_WARN_BLOCK_CAPTURE_AUTORELEASING = YES;
				CLANG_WARN_BOOL_CONVERSION = YES;
				CLANG_WARN_COMMA = YES;
				CLANG_WARN_CONSTANT_CONVERSION = YES;
				CLANG_WARN_DEPRECATED_OBJC_IMPLEMENTATIONS = YES;
				CLANG_WARN_DIRECT_OBJC_ISA_USAGE = YES_ERROR;
				CLANG_WARN_DOCUMENTATION_COMMENTS = YES;
				CLANG_WARN_EMPTY_BODY = YES;
				CLANG_WARN_ENUM_CONVERSION = YES;
				CLANG_WARN_INFINITE_RECURSION = YES;
				CLANG_WARN_INT_CONVERSION = YES;
				CLANG_WARN_NON_LITERAL_NULL_CONVERSION = YES;
				CLANG_WARN_OBJC_IMPLICIT_RETAIN_SELF = YES;
				CLANG_WARN_OBJC_LITERAL_CONVERSION = YES;
				CLANG_WARN_OBJC_ROOT_CLASS = YES_ERROR;
				CLANG_WARN_RANGE_LOOP_ANALYSIS = YES;
				CLANG_WARN_STRICT_PROTOTYPES = YES;
				CLANG_WARN_SUSPICIOUS_MOVE = YES;
				CLANG_WARN_UNGUARDED_AVAILABILITY = YES_AGGRESSIVE;
				CLANG_WARN_UNREACHABLE_CODE = YES;
				CLANG_WARN__DUPLICATE_METHOD_MATCH = YES;
				CODE_SIGN_IDENTITY = "iPhone Developer";
				COPY_PHASE_STRIP = NO;
				DEBUG_INFORMATION_FORMAT = dwarf;
				ENABLE_STRICT_OBJC_MSGSEND = YES;
				ENABLE_TESTABILITY = YES;
				GCC_C_LANGUAGE_STANDARD = gnu11;
				GCC_DYNAMIC_NO_PIC = NO;
				GCC_NO_COMMON_BLOCKS = YES;
				GCC_OPTIMIZATION_LEVEL = 0;
				GCC_PREPROCESSOR_DEFINITIONS = (
					"DEBUG=1",
					"$(inherited)",
				);
				GCC_WARN_64_TO_32_BIT_CONVERSION = YES;
				GCC_WARN_ABOUT_RETURN_TYPE = YES_ERROR;
				GCC_WARN_UNDECLARED_SELECTOR = YES;
				GCC_WARN_UNINITIALIZED_AUTOS = YES_AGGRESSIVE;
				GCC_WARN_UNUSED_FUNCTION = YES;
				GCC_WARN_UNUSED_VARIABLE = YES;
				IPHONEOS_DEPLOYMENT_TARGET = 11.4;
				MTL_ENABLE_DEBUG_INFO = YES;
				ONLY_ACTIVE_ARCH = YES;
				SDKROOT = iphoneos;
				SWIFT_ACTIVE_COMPILATION_CONDITIONS = DEBUG;
				SWIFT_OPTIMIZATION_LEVEL = "-Onone";
			};
			name = Debug;
		};
		4AC235DC21B775F200D50F1E /* Release */ = {
			isa = XCBuildConfiguration;
			buildSettings = {
				ALWAYS_SEARCH_USER_PATHS = NO;
				CLANG_ANALYZER_NONNULL = YES;
				CLANG_ANALYZER_NUMBER_OBJECT_CONVERSION = YES_AGGRESSIVE;
				CLANG_CXX_LANGUAGE_STANDARD = "gnu++14";
				CLANG_CXX_LIBRARY = "libc++";
				CLANG_ENABLE_MODULES = YES;
				CLANG_ENABLE_OBJC_ARC = YES;
				CLANG_ENABLE_OBJC_WEAK = YES;
				CLANG_WARN_BLOCK_CAPTURE_AUTORELEASING = YES;
				CLANG_WARN_BOOL_CONVERSION = YES;
				CLANG_WARN_COMMA = YES;
				CLANG_WARN_CONSTANT_CONVERSION = YES;
				CLANG_WARN_DEPRECATED_OBJC_IMPLEMENTATIONS = YES;
				CLANG_WARN_DIRECT_OBJC_ISA_USAGE = YES_ERROR;
				CLANG_WARN_DOCUMENTATION_COMMENTS = YES;
				CLANG_WARN_EMPTY_BODY = YES;
				CLANG_WARN_ENUM_CONVERSION = YES;
				CLANG_WARN_INFINITE_RECURSION = YES;
				CLANG_WARN_INT_CONVERSION = YES;
				CLANG_WARN_NON_LITERAL_NULL_CONVERSION = YES;
				CLANG_WARN_OBJC_IMPLICIT_RETAIN_SELF = YES;
				CLANG_WARN_OBJC_LITERAL_CONVERSION = YES;
				CLANG_WARN_OBJC_ROOT_CLASS = YES_ERROR;
				CLANG_WARN_RANGE_LOOP_ANALYSIS = YES;
				CLANG_WARN_STRICT_PROTOTYPES = YES;
				CLANG_WARN_SUSPICIOUS_MOVE = YES;
				CLANG_WARN_UNGUARDED_AVAILABILITY = YES_AGGRESSIVE;
				CLANG_WARN_UNREACHABLE_CODE = YES;
				CLANG_WARN__DUPLICATE_METHOD_MATCH = YES;
				CODE_SIGN_IDENTITY = "iPhone Developer";
				COPY_PHASE_STRIP = NO;
				DEBUG_INFORMATION_FORMAT = "dwarf-with-dsym";
				ENABLE_NS_ASSERTIONS = NO;
				ENABLE_STRICT_OBJC_MSGSEND = YES;
				GCC_C_LANGUAGE_STANDARD = gnu11;
				GCC_NO_COMMON_BLOCKS = YES;
				GCC_WARN_64_TO_32_BIT_CONVERSION = YES;
				GCC_WARN_ABOUT_RETURN_TYPE = YES_ERROR;
				GCC_WARN_UNDECLARED_SELECTOR = YES;
				GCC_WARN_UNINITIALIZED_AUTOS = YES_AGGRESSIVE;
				GCC_WARN_UNUSED_FUNCTION = YES;
				GCC_WARN_UNUSED_VARIABLE = YES;
				IPHONEOS_DEPLOYMENT_TARGET = 11.4;
				MTL_ENABLE_DEBUG_INFO = NO;
				SDKROOT = iphoneos;
				SWIFT_COMPILATION_MODE = wholemodule;
				SWIFT_OPTIMIZATION_LEVEL = "-O";
				VALIDATE_PRODUCT = YES;
			};
			name = Release;
		};
		4AC235DE21B775F200D50F1E /* Debug */ = {
			isa = XCBuildConfiguration;
			buildSettings = {
				ASSETCATALOG_COMPILER_APPICON_NAME = AppIcon;
				CODE_SIGN_IDENTITY = "iPhone Developer";
				CODE_SIGN_STYLE = Automatic;
				DEVELOPMENT_TEAM = 24K4NVLUY4;
				FRAMEWORK_SEARCH_PATHS = "";
				GCC_PRECOMPILE_PREFIX_HEADER = NO;
				GCC_PREFIX_HEADER = "";
				HEADER_SEARCH_PATHS = "\"${PODS_ROOT}/FMDB/src/fmdb\"\n";
				INFOPLIST_FILE = "$(SRCROOT)/Mylist/Resources/Info.plist";
				IPHONEOS_DEPLOYMENT_TARGET = 11.3;
				LD_RUNPATH_SEARCH_PATHS = (
					"$(inherited)",
					"@executable_path/Frameworks",
				);
				PRODUCT_BUNDLE_IDENTIFIER = com.kobeluo.Mylist;
				PRODUCT_NAME = "$(TARGET_NAME)";
				PROVISIONING_PROFILE_SPECIFIER = "";
				SWIFT_OBJC_BRIDGING_HEADER = Mylist/Resources/BridgingHeader.h;
				SWIFT_VERSION = 4.0;
				TARGETED_DEVICE_FAMILY = "1,2";
			};
			name = Debug;
		};
		4AC235DF21B775F200D50F1E /* Release */ = {
			isa = XCBuildConfiguration;
			buildSettings = {
				ASSETCATALOG_COMPILER_APPICON_NAME = AppIcon;
				CODE_SIGN_IDENTITY = "iPhone Developer";
				CODE_SIGN_STYLE = Automatic;
				DEPLOYMENT_POSTPROCESSING = NO;
				DEVELOPMENT_TEAM = 24K4NVLUY4;
				FRAMEWORK_SEARCH_PATHS = "";
				GCC_PRECOMPILE_PREFIX_HEADER = NO;
				GCC_PREFIX_HEADER = "";
				HEADER_SEARCH_PATHS = "\"${PODS_ROOT}/FMDB/src/fmdb\"\n";
				INFOPLIST_FILE = "$(SRCROOT)/Mylist/Resources/Info.plist";
				IPHONEOS_DEPLOYMENT_TARGET = 11.3;
				LD_RUNPATH_SEARCH_PATHS = (
					"$(inherited)",
					"@executable_path/Frameworks",
				);
				PRODUCT_BUNDLE_IDENTIFIER = com.kobeluo.Mylist;
				PRODUCT_NAME = "$(TARGET_NAME)";
				PROVISIONING_PROFILE_SPECIFIER = "";
				SWIFT_OBJC_BRIDGING_HEADER = Mylist/Resources/BridgingHeader.h;
				SWIFT_VERSION = 4.0;
				TARGETED_DEVICE_FAMILY = "1,2";
			};
			name = Release;
		};
		4AC235E121B775F200D50F1E /* Debug */ = {
			isa = XCBuildConfiguration;
			buildSettings = {
				ALWAYS_EMBED_SWIFT_STANDARD_LIBRARIES = YES;
				BUNDLE_LOADER = "$(TEST_HOST)";
				CODE_SIGN_STYLE = Automatic;
				DEVELOPMENT_TEAM = 24K4NVLUY4;
				INFOPLIST_FILE = MylistTests/Info.plist;
				LD_RUNPATH_SEARCH_PATHS = (
					"$(inherited)",
					"@executable_path/Frameworks",
					"@loader_path/Frameworks",
				);
				PRODUCT_BUNDLE_IDENTIFIER = com.kobeluo.MylistTests;
				PRODUCT_NAME = "$(TARGET_NAME)";
				SWIFT_VERSION = 4.0;
				TARGETED_DEVICE_FAMILY = "1,2";
				TEST_HOST = "$(BUILT_PRODUCTS_DIR)/Mylist.app/Mylist";
			};
			name = Debug;
		};
		4AC235E221B775F200D50F1E /* Release */ = {
			isa = XCBuildConfiguration;
			buildSettings = {
				ALWAYS_EMBED_SWIFT_STANDARD_LIBRARIES = YES;
				BUNDLE_LOADER = "$(TEST_HOST)";
				CODE_SIGN_STYLE = Automatic;
				DEVELOPMENT_TEAM = 24K4NVLUY4;
				INFOPLIST_FILE = MylistTests/Info.plist;
				LD_RUNPATH_SEARCH_PATHS = (
					"$(inherited)",
					"@executable_path/Frameworks",
					"@loader_path/Frameworks",
				);
				PRODUCT_BUNDLE_IDENTIFIER = com.kobeluo.MylistTests;
				PRODUCT_NAME = "$(TARGET_NAME)";
				SWIFT_VERSION = 4.0;
				TARGETED_DEVICE_FAMILY = "1,2";
				TEST_HOST = "$(BUILT_PRODUCTS_DIR)/Mylist.app/Mylist";
			};
			name = Release;
		};
		4AC235E421B775F200D50F1E /* Debug */ = {
			isa = XCBuildConfiguration;
			buildSettings = {
				ALWAYS_EMBED_SWIFT_STANDARD_LIBRARIES = YES;
				CODE_SIGN_STYLE = Automatic;
				DEVELOPMENT_TEAM = 24K4NVLUY4;
				INFOPLIST_FILE = MylistUITests/Info.plist;
				LD_RUNPATH_SEARCH_PATHS = (
					"$(inherited)",
					"@executable_path/Frameworks",
					"@loader_path/Frameworks",
				);
				PRODUCT_BUNDLE_IDENTIFIER = com.kobeluo.MylistUITests;
				PRODUCT_NAME = "$(TARGET_NAME)";
				SWIFT_VERSION = 4.0;
				TARGETED_DEVICE_FAMILY = "1,2";
				TEST_TARGET_NAME = Mylist;
			};
			name = Debug;
		};
		4AC235E521B775F200D50F1E /* Release */ = {
			isa = XCBuildConfiguration;
			buildSettings = {
				ALWAYS_EMBED_SWIFT_STANDARD_LIBRARIES = YES;
				CODE_SIGN_STYLE = Automatic;
				DEVELOPMENT_TEAM = 24K4NVLUY4;
				INFOPLIST_FILE = MylistUITests/Info.plist;
				LD_RUNPATH_SEARCH_PATHS = (
					"$(inherited)",
					"@executable_path/Frameworks",
					"@loader_path/Frameworks",
				);
				PRODUCT_BUNDLE_IDENTIFIER = com.kobeluo.MylistUITests;
				PRODUCT_NAME = "$(TARGET_NAME)";
				SWIFT_VERSION = 4.0;
				TARGETED_DEVICE_FAMILY = "1,2";
				TEST_TARGET_NAME = Mylist;
			};
			name = Release;
		};
/* End XCBuildConfiguration section */

/* Begin XCConfigurationList section */
		4AC235B021B775F000D50F1E /* Build configuration list for PBXProject "Mylist" */ = {
			isa = XCConfigurationList;
			buildConfigurations = (
				4AC235DB21B775F200D50F1E /* Debug */,
				4AC235DC21B775F200D50F1E /* Release */,
			);
			defaultConfigurationIsVisible = 0;
			defaultConfigurationName = Release;
		};
		4AC235DD21B775F200D50F1E /* Build configuration list for PBXNativeTarget "Mylist" */ = {
			isa = XCConfigurationList;
			buildConfigurations = (
				4AC235DE21B775F200D50F1E /* Debug */,
				4AC235DF21B775F200D50F1E /* Release */,
			);
			defaultConfigurationIsVisible = 0;
			defaultConfigurationName = Release;
		};
		4AC235E021B775F200D50F1E /* Build configuration list for PBXNativeTarget "MylistTests" */ = {
			isa = XCConfigurationList;
			buildConfigurations = (
				4AC235E121B775F200D50F1E /* Debug */,
				4AC235E221B775F200D50F1E /* Release */,
			);
			defaultConfigurationIsVisible = 0;
			defaultConfigurationName = Release;
		};
		4AC235E321B775F200D50F1E /* Build configuration list for PBXNativeTarget "MylistUITests" */ = {
			isa = XCConfigurationList;
			buildConfigurations = (
				4AC235E421B775F200D50F1E /* Debug */,
				4AC235E521B775F200D50F1E /* Release */,
			);
			defaultConfigurationIsVisible = 0;
			defaultConfigurationName = Release;
		};
/* End XCConfigurationList section */
	};
	rootObject = 4AC235AD21B775F000D50F1E /* Project object */;
}
